// !$*UTF8*$!
{
	archiveVersion = 1;
	classes = {
	};
	objectVersion = 46;
	objects = {

/* Begin PBXBuildFile section */
		8408E5811ACA942600B2F972 /* Handbook.xcdatamodeld in Sources */ = {isa = PBXBuildFile; fileRef = 8408E57F1ACA942600B2F972 /* Handbook.xcdatamodeld */; };
		8408E5871ACA942600B2F972 /* Main.storyboard in Resources */ = {isa = PBXBuildFile; fileRef = 8408E5851ACA942600B2F972 /* Main.storyboard */; };
		8408E5891ACA942600B2F972 /* Images.xcassets in Resources */ = {isa = PBXBuildFile; fileRef = 8408E5881ACA942600B2F972 /* Images.xcassets */; };
		8408E58C1ACA942600B2F972 /* LaunchScreen.xib in Resources */ = {isa = PBXBuildFile; fileRef = 8408E58A1ACA942600B2F972 /* LaunchScreen.xib */; };
		8408E5981ACA942600B2F972 /* HandbookTests.m in Sources */ = {isa = PBXBuildFile; fileRef = 8408E5971ACA942600B2F972 /* HandbookTests.m */; };
		8408E5A31ACA997C00B2F972 /* HCommunitiesViewController.m in Sources */ = {isa = PBXBuildFile; fileRef = 8408E5A21ACA997C00B2F972 /* HCommunitiesViewController.m */; };
		8408E5A61ACA999800B2F972 /* HCommunityViewController.m in Sources */ = {isa = PBXBuildFile; fileRef = 8408E5A51ACA999800B2F972 /* HCommunityViewController.m */; };
		8408E5A81ACA99BE00B2F972 /* main.m in Sources */ = {isa = PBXBuildFile; fileRef = 8408E5A71ACA99BE00B2F972 /* main.m */; };
		8408E5AE1ACA99EC00B2F972 /* HAppDelegate.m in Sources */ = {isa = PBXBuildFile; fileRef = 8408E5AD1ACA99EC00B2F972 /* HAppDelegate.m */; };
		8408E5B11ACA99F300B2F972 /* HDepartmentsViewController.m in Sources */ = {isa = PBXBuildFile; fileRef = 8408E5B01ACA99F300B2F972 /* HDepartmentsViewController.m */; };
		840B166A1ACBF2ED0002C3D0 /* NSString+Utils.m in Sources */ = {isa = PBXBuildFile; fileRef = 840B16691ACBF2ED0002C3D0 /* NSString+Utils.m */; };
		840B166D1ACC12020002C3D0 /* HDepartmentCell.m in Sources */ = {isa = PBXBuildFile; fileRef = 840B166C1ACC12020002C3D0 /* HDepartmentCell.m */; };
		840B16711ACC121E0002C3D0 /* HCommunityCell.m in Sources */ = {isa = PBXBuildFile; fileRef = 840B16701ACC121E0002C3D0 /* HCommunityCell.m */; };
		8452BF841ACAE2A6004372CF /* HDepartment.m in Sources */ = {isa = PBXBuildFile; fileRef = 8452BF831ACAE2A6004372CF /* HDepartment.m */; };
		8452BF871ACAE2A7004372CF /* HAOrganization.m in Sources */ = {isa = PBXBuildFile; fileRef = 8452BF861ACAE2A7004372CF /* HAOrganization.m */; };
		8452BF8A1ACAE2A7004372CF /* HCommunity.m in Sources */ = {isa = PBXBuildFile; fileRef = 8452BF891ACAE2A7004372CF /* HCommunity.m */; };
		8452BF8D1ACAE2FB004372CF /* CoreDataUtils.m in Sources */ = {isa = PBXBuildFile; fileRef = 8452BF8C1ACAE2FB004372CF /* CoreDataUtils.m */; };
		8452BF901ACAE4DE004372CF /* HDepartment+CD.m in Sources */ = {isa = PBXBuildFile; fileRef = 8452BF8F1ACAE4DE004372CF /* HDepartment+CD.m */; };
		8452BF931ACAE598004372CF /* HCommunity+CD.m in Sources */ = {isa = PBXBuildFile; fileRef = 8452BF921ACAE598004372CF /* HCommunity+CD.m */; };
		84B996561ACAE70100CD9DE6 /* HCommunity+JSON.m in Sources */ = {isa = PBXBuildFile; fileRef = 84B996551ACAE70100CD9DE6 /* HCommunity+JSON.m */; };
		84B996591ACAE71C00CD9DE6 /* HDepartment+JSON.m in Sources */ = {isa = PBXBuildFile; fileRef = 84B996581ACAE71C00CD9DE6 /* HDepartment+JSON.m */; };
		84B9965C1ACAEB0100CD9DE6 /* HDataManager.m in Sources */ = {isa = PBXBuildFile; fileRef = 84B9965B1ACAEB0100CD9DE6 /* HDataManager.m */; };
		84B996601ACAF12900CD9DE6 /* comissions.json in Resources */ = {isa = PBXBuildFile; fileRef = 84B9965E1ACAF12900CD9DE6 /* comissions.json */; };
		84B996611ACAF12900CD9DE6 /* community.json in Resources */ = {isa = PBXBuildFile; fileRef = 84B9965F1ACAF12900CD9DE6 /* community.json */; };
/* End PBXBuildFile section */

/* Begin PBXContainerItemProxy section */
		8408E5921ACA942600B2F972 /* PBXContainerItemProxy */ = {
			isa = PBXContainerItemProxy;
			containerPortal = 8408E56D1ACA942600B2F972 /* Project object */;
			proxyType = 1;
			remoteGlobalIDString = 8408E5741ACA942600B2F972;
			remoteInfo = Handbook;
		};
/* End PBXContainerItemProxy section */

/* Begin PBXFileReference section */
		8408E5751ACA942600B2F972 /* Handbook.app */ = {isa = PBXFileReference; explicitFileType = wrapper.application; includeInIndex = 0; path = Handbook.app; sourceTree = BUILT_PRODUCTS_DIR; };
		8408E5791ACA942600B2F972 /* Info.plist */ = {isa = PBXFileReference; lastKnownFileType = text.plist.xml; path = Info.plist; sourceTree = "<group>"; };
		8408E5801ACA942600B2F972 /* Handbook.xcdatamodel */ = {isa = PBXFileReference; lastKnownFileType = wrapper.xcdatamodel; path = Handbook.xcdatamodel; sourceTree = "<group>"; };
		8408E5861ACA942600B2F972 /* Base */ = {isa = PBXFileReference; lastKnownFileType = file.storyboard; name = Base; path = Base.lproj/Main.storyboard; sourceTree = "<group>"; };
		8408E5881ACA942600B2F972 /* Images.xcassets */ = {isa = PBXFileReference; lastKnownFileType = folder.assetcatalog; path = Images.xcassets; sourceTree = "<group>"; };
		8408E58B1ACA942600B2F972 /* Base */ = {isa = PBXFileReference; lastKnownFileType = file.xib; name = Base; path = Base.lproj/LaunchScreen.xib; sourceTree = "<group>"; };
		8408E5911ACA942600B2F972 /* HandbookTests.xctest */ = {isa = PBXFileReference; explicitFileType = wrapper.cfbundle; includeInIndex = 0; path = HandbookTests.xctest; sourceTree = BUILT_PRODUCTS_DIR; };
		8408E5961ACA942600B2F972 /* Info.plist */ = {isa = PBXFileReference; lastKnownFileType = text.plist.xml; path = Info.plist; sourceTree = "<group>"; };
		8408E5971ACA942600B2F972 /* HandbookTests.m */ = {isa = PBXFileReference; lastKnownFileType = sourcecode.c.objc; path = HandbookTests.m; sourceTree = "<group>"; };
		8408E5A11ACA997C00B2F972 /* HCommunitiesViewController.h */ = {isa = PBXFileReference; fileEncoding = 4; lastKnownFileType = sourcecode.c.h; name = HCommunitiesViewController.h; path = Code/HCommunitiesViewController.h; sourceTree = "<group>"; };
		8408E5A21ACA997C00B2F972 /* HCommunitiesViewController.m */ = {isa = PBXFileReference; fileEncoding = 4; lastKnownFileType = sourcecode.c.objc; name = HCommunitiesViewController.m; path = Code/HCommunitiesViewController.m; sourceTree = "<group>"; };
		8408E5A41ACA999800B2F972 /* HCommunityViewController.h */ = {isa = PBXFileReference; fileEncoding = 4; lastKnownFileType = sourcecode.c.h; name = HCommunityViewController.h; path = Code/HCommunityViewController.h; sourceTree = "<group>"; };
		8408E5A51ACA999800B2F972 /* HCommunityViewController.m */ = {isa = PBXFileReference; fileEncoding = 4; lastKnownFileType = sourcecode.c.objc; name = HCommunityViewController.m; path = Code/HCommunityViewController.m; sourceTree = "<group>"; };
		8408E5A71ACA99BE00B2F972 /* main.m */ = {isa = PBXFileReference; fileEncoding = 4; lastKnownFileType = sourcecode.c.objc; name = main.m; path = Code/main.m; sourceTree = "<group>"; };
		8408E5AC1ACA99EC00B2F972 /* HAppDelegate.h */ = {isa = PBXFileReference; fileEncoding = 4; lastKnownFileType = sourcecode.c.h; name = HAppDelegate.h; path = Code/HAppDelegate.h; sourceTree = "<group>"; };
		8408E5AD1ACA99EC00B2F972 /* HAppDelegate.m */ = {isa = PBXFileReference; fileEncoding = 4; lastKnownFileType = sourcecode.c.objc; name = HAppDelegate.m; path = Code/HAppDelegate.m; sourceTree = "<group>"; };
		8408E5AF1ACA99F300B2F972 /* HDepartmentsViewController.h */ = {isa = PBXFileReference; fileEncoding = 4; lastKnownFileType = sourcecode.c.h; name = HDepartmentsViewController.h; path = Code/HDepartmentsViewController.h; sourceTree = "<group>"; };
		8408E5B01ACA99F300B2F972 /* HDepartmentsViewController.m */ = {isa = PBXFileReference; fileEncoding = 4; lastKnownFileType = sourcecode.c.objc; name = HDepartmentsViewController.m; path = Code/HDepartmentsViewController.m; sourceTree = "<group>"; };
		840B16681ACBF2ED0002C3D0 /* NSString+Utils.h */ = {isa = PBXFileReference; fileEncoding = 4; lastKnownFileType = sourcecode.c.h; name = "NSString+Utils.h"; path = "Code/NSString+Utils.h"; sourceTree = "<group>"; };
		840B16691ACBF2ED0002C3D0 /* NSString+Utils.m */ = {isa = PBXFileReference; fileEncoding = 4; lastKnownFileType = sourcecode.c.objc; name = "NSString+Utils.m"; path = "Code/NSString+Utils.m"; sourceTree = "<group>"; };
		840B166B1ACC12020002C3D0 /* HDepartmentCell.h */ = {isa = PBXFileReference; fileEncoding = 4; lastKnownFileType = sourcecode.c.h; name = HDepartmentCell.h; path = Code/HDepartmentCell.h; sourceTree = "<group>"; };
		840B166C1ACC12020002C3D0 /* HDepartmentCell.m */ = {isa = PBXFileReference; fileEncoding = 4; lastKnownFileType = sourcecode.c.objc; name = HDepartmentCell.m; path = Code/HDepartmentCell.m; sourceTree = "<group>"; };
		840B166F1ACC121E0002C3D0 /* HCommunityCell.h */ = {isa = PBXFileReference; fileEncoding = 4; lastKnownFileType = sourcecode.c.h; name = HCommunityCell.h; path = Code/HCommunityCell.h; sourceTree = "<group>"; };
		840B16701ACC121E0002C3D0 /* HCommunityCell.m */ = {isa = PBXFileReference; fileEncoding = 4; lastKnownFileType = sourcecode.c.objc; name = HCommunityCell.m; path = Code/HCommunityCell.m; sourceTree = "<group>"; };
		8452BF821ACAE2A6004372CF /* HDepartment.h */ = {isa = PBXFileReference; fileEncoding = 4; lastKnownFileType = sourcecode.c.h; name = HDepartment.h; path = Code/HDepartment.h; sourceTree = "<group>"; };
		8452BF831ACAE2A6004372CF /* HDepartment.m */ = {isa = PBXFileReference; fileEncoding = 4; lastKnownFileType = sourcecode.c.objc; name = HDepartment.m; path = Code/HDepartment.m; sourceTree = "<group>"; };
		8452BF851ACAE2A7004372CF /* HAOrganization.h */ = {isa = PBXFileReference; fileEncoding = 4; lastKnownFileType = sourcecode.c.h; name = HAOrganization.h; path = Code/HAOrganization.h; sourceTree = "<group>"; };
		8452BF861ACAE2A7004372CF /* HAOrganization.m */ = {isa = PBXFileReference; fileEncoding = 4; lastKnownFileType = sourcecode.c.objc; name = HAOrganization.m; path = Code/HAOrganization.m; sourceTree = "<group>"; };
		8452BF881ACAE2A7004372CF /* HCommunity.h */ = {isa = PBXFileReference; fileEncoding = 4; lastKnownFileType = sourcecode.c.h; name = HCommunity.h; path = Code/HCommunity.h; sourceTree = "<group>"; };
		8452BF891ACAE2A7004372CF /* HCommunity.m */ = {isa = PBXFileReference; fileEncoding = 4; lastKnownFileType = sourcecode.c.objc; name = HCommunity.m; path = Code/HCommunity.m; sourceTree = "<group>"; };
		8452BF8B1ACAE2FB004372CF /* CoreDataUtils.h */ = {isa = PBXFileReference; fileEncoding = 4; lastKnownFileType = sourcecode.c.h; name = CoreDataUtils.h; path = Code/CoreDataUtils.h; sourceTree = "<group>"; };
		8452BF8C1ACAE2FB004372CF /* CoreDataUtils.m */ = {isa = PBXFileReference; fileEncoding = 4; lastKnownFileType = sourcecode.c.objc; name = CoreDataUtils.m; path = Code/CoreDataUtils.m; sourceTree = "<group>"; };
		8452BF8E1ACAE4DE004372CF /* HDepartment+CD.h */ = {isa = PBXFileReference; fileEncoding = 4; lastKnownFileType = sourcecode.c.h; name = "HDepartment+CD.h"; path = "Code/HDepartment+CD.h"; sourceTree = "<group>"; };
		8452BF8F1ACAE4DE004372CF /* HDepartment+CD.m */ = {isa = PBXFileReference; fileEncoding = 4; lastKnownFileType = sourcecode.c.objc; name = "HDepartment+CD.m"; path = "Code/HDepartment+CD.m"; sourceTree = "<group>"; };
		8452BF911ACAE598004372CF /* HCommunity+CD.h */ = {isa = PBXFileReference; fileEncoding = 4; lastKnownFileType = sourcecode.c.h; name = "HCommunity+CD.h"; path = "Code/HCommunity+CD.h"; sourceTree = "<group>"; };
		8452BF921ACAE598004372CF /* HCommunity+CD.m */ = {isa = PBXFileReference; fileEncoding = 4; lastKnownFileType = sourcecode.c.objc; name = "HCommunity+CD.m"; path = "Code/HCommunity+CD.m"; sourceTree = "<group>"; };
		84B996541ACAE70100CD9DE6 /* HCommunity+JSON.h */ = {isa = PBXFileReference; fileEncoding = 4; lastKnownFileType = sourcecode.c.h; name = "HCommunity+JSON.h"; path = "Code/HCommunity+JSON.h"; sourceTree = "<group>"; };
		84B996551ACAE70100CD9DE6 /* HCommunity+JSON.m */ = {isa = PBXFileReference; fileEncoding = 4; lastKnownFileType = sourcecode.c.objc; name = "HCommunity+JSON.m"; path = "Code/HCommunity+JSON.m"; sourceTree = "<group>"; };
		84B996571ACAE71C00CD9DE6 /* HDepartment+JSON.h */ = {isa = PBXFileReference; fileEncoding = 4; lastKnownFileType = sourcecode.c.h; name = "HDepartment+JSON.h"; path = "Code/HDepartment+JSON.h"; sourceTree = "<group>"; };
		84B996581ACAE71C00CD9DE6 /* HDepartment+JSON.m */ = {isa = PBXFileReference; fileEncoding = 4; lastKnownFileType = sourcecode.c.objc; name = "HDepartment+JSON.m"; path = "Code/HDepartment+JSON.m"; sourceTree = "<group>"; };
		84B9965A1ACAEB0100CD9DE6 /* HDataManager.h */ = {isa = PBXFileReference; fileEncoding = 4; lastKnownFileType = sourcecode.c.h; name = HDataManager.h; path = Code/HDataManager.h; sourceTree = "<group>"; };
		84B9965B1ACAEB0100CD9DE6 /* HDataManager.m */ = {isa = PBXFileReference; fileEncoding = 4; lastKnownFileType = sourcecode.c.objc; name = HDataManager.m; path = Code/HDataManager.m; sourceTree = "<group>"; };
		84B9965E1ACAF12900CD9DE6 /* comissions.json */ = {isa = PBXFileReference; fileEncoding = 4; lastKnownFileType = text.json; name = comissions.json; path = Resources/comissions.json; sourceTree = "<group>"; };
		84B9965F1ACAF12900CD9DE6 /* community.json */ = {isa = PBXFileReference; fileEncoding = 4; lastKnownFileType = text.json; name = community.json; path = Resources/community.json; sourceTree = "<group>"; };
/* End PBXFileReference section */

/* Begin PBXFrameworksBuildPhase section */
		8408E5721ACA942600B2F972 /* Frameworks */ = {
			isa = PBXFrameworksBuildPhase;
			buildActionMask = 2147483647;
			files = (
			);
			runOnlyForDeploymentPostprocessing = 0;
		};
		8408E58E1ACA942600B2F972 /* Frameworks */ = {
			isa = PBXFrameworksBuildPhase;
			buildActionMask = 2147483647;
			files = (
			);
			runOnlyForDeploymentPostprocessing = 0;
		};
/* End PBXFrameworksBuildPhase section */

/* Begin PBXGroup section */
		8408E56C1ACA942600B2F972 = {
			isa = PBXGroup;
			children = (
				8408E5771ACA942600B2F972 /* Handbook */,
				8408E5941ACA942600B2F972 /* HandbookTests */,
				8408E5761ACA942600B2F972 /* Products */,
			);
			sourceTree = "<group>";
		};
		8408E5761ACA942600B2F972 /* Products */ = {
			isa = PBXGroup;
			children = (
				8408E5751ACA942600B2F972 /* Handbook.app */,
				8408E5911ACA942600B2F972 /* HandbookTests.xctest */,
			);
			name = Products;
			sourceTree = "<group>";
		};
		8408E5771ACA942600B2F972 /* Handbook */ = {
			isa = PBXGroup;
			children = (
				84B9965D1ACAF11800CD9DE6 /* Resources */,
				8408E5A91ACA99CA00B2F972 /* Code */,
				8408E5851ACA942600B2F972 /* Main.storyboard */,
				8408E5881ACA942600B2F972 /* Images.xcassets */,
				8408E58A1ACA942600B2F972 /* LaunchScreen.xib */,
				8408E57F1ACA942600B2F972 /* Handbook.xcdatamodeld */,
				8408E5781ACA942600B2F972 /* Supporting Files */,
			);
			path = Handbook;
			sourceTree = "<group>";
		};
		8408E5781ACA942600B2F972 /* Supporting Files */ = {
			isa = PBXGroup;
			children = (
				8408E5A71ACA99BE00B2F972 /* main.m */,
				8408E5791ACA942600B2F972 /* Info.plist */,
			);
			name = "Supporting Files";
			sourceTree = "<group>";
		};
		8408E5941ACA942600B2F972 /* HandbookTests */ = {
			isa = PBXGroup;
			children = (
				8408E5971ACA942600B2F972 /* HandbookTests.m */,
				8408E5951ACA942600B2F972 /* Supporting Files */,
			);
			path = HandbookTests;
			sourceTree = "<group>";
		};
		8408E5951ACA942600B2F972 /* Supporting Files */ = {
			isa = PBXGroup;
			children = (
				8408E5961ACA942600B2F972 /* Info.plist */,
			);
			name = "Supporting Files";
			sourceTree = "<group>";
		};
		8408E5A91ACA99CA00B2F972 /* Code */ = {
			isa = PBXGroup;
			children = (
				840B16671ACBF2CF0002C3D0 /* Utils */,
				8452BF811ACADF1D004372CF /* Model */,
				8408E5AC1ACA99EC00B2F972 /* HAppDelegate.h */,
				8408E5AD1ACA99EC00B2F972 /* HAppDelegate.m */,
				8408E5AA1ACA99CF00B2F972 /* UI */,
			);
			name = Code;
			sourceTree = "<group>";
		};
		8408E5AA1ACA99CF00B2F972 /* UI */ = {
			isa = PBXGroup;
			children = (
				840B166E1ACC12060002C3D0 /* Cells */,
				8408E5AB1ACA99D500B2F972 /* ViewControllers */,
			);
			name = UI;
			sourceTree = "<group>";
		};
		8408E5AB1ACA99D500B2F972 /* ViewControllers */ = {
			isa = PBXGroup;
			children = (
				8408E5AF1ACA99F300B2F972 /* HDepartmentsViewController.h */,
				8408E5B01ACA99F300B2F972 /* HDepartmentsViewController.m */,
				8408E5A11ACA997C00B2F972 /* HCommunitiesViewController.h */,
				8408E5A21ACA997C00B2F972 /* HCommunitiesViewController.m */,
				8408E5A41ACA999800B2F972 /* HCommunityViewController.h */,
				8408E5A51ACA999800B2F972 /* HCommunityViewController.m */,
			);
			name = ViewControllers;
			sourceTree = "<group>";
		};
		840B16671ACBF2CF0002C3D0 /* Utils */ = {
			isa = PBXGroup;
			children = (
				840B16681ACBF2ED0002C3D0 /* NSString+Utils.h */,
				840B16691ACBF2ED0002C3D0 /* NSString+Utils.m */,
			);
			name = Utils;
			sourceTree = "<group>";
		};
		840B166E1ACC12060002C3D0 /* Cells */ = {
			isa = PBXGroup;
			children = (
				840B166B1ACC12020002C3D0 /* HDepartmentCell.h */,
				840B166C1ACC12020002C3D0 /* HDepartmentCell.m */,
				840B166F1ACC121E0002C3D0 /* HCommunityCell.h */,
				840B16701ACC121E0002C3D0 /* HCommunityCell.m */,
			);
			name = Cells;
			sourceTree = "<group>";
		};
		8452BF811ACADF1D004372CF /* Model */ = {
			isa = PBXGroup;
			children = (
				8452BF8B1ACAE2FB004372CF /* CoreDataUtils.h */,
				8452BF8C1ACAE2FB004372CF /* CoreDataUtils.m */,
				8452BF881ACAE2A7004372CF /* HCommunity.h */,
				8452BF891ACAE2A7004372CF /* HCommunity.m */,
				8452BF851ACAE2A7004372CF /* HAOrganization.h */,
				8452BF861ACAE2A7004372CF /* HAOrganization.m */,
				8452BF821ACAE2A6004372CF /* HDepartment.h */,
				8452BF831ACAE2A6004372CF /* HDepartment.m */,
				8452BF8E1ACAE4DE004372CF /* HDepartment+CD.h */,
				8452BF8F1ACAE4DE004372CF /* HDepartment+CD.m */,
				8452BF911ACAE598004372CF /* HCommunity+CD.h */,
				8452BF921ACAE598004372CF /* HCommunity+CD.m */,
				84B996541ACAE70100CD9DE6 /* HCommunity+JSON.h */,
				84B996551ACAE70100CD9DE6 /* HCommunity+JSON.m */,
				84B996571ACAE71C00CD9DE6 /* HDepartment+JSON.h */,
				84B996581ACAE71C00CD9DE6 /* HDepartment+JSON.m */,
				84B9965A1ACAEB0100CD9DE6 /* HDataManager.h */,
				84B9965B1ACAEB0100CD9DE6 /* HDataManager.m */,
			);
			name = Model;
			sourceTree = "<group>";
		};
		84B9965D1ACAF11800CD9DE6 /* Resources */ = {
			isa = PBXGroup;
			children = (
				84B9965E1ACAF12900CD9DE6 /* comissions.json */,
				84B9965F1ACAF12900CD9DE6 /* community.json */,
			);
			name = Resources;
			sourceTree = "<group>";
		};
/* End PBXGroup section */

/* Begin PBXNativeTarget section */
		8408E5741ACA942600B2F972 /* Handbook */ = {
			isa = PBXNativeTarget;
			buildConfigurationList = 8408E59B1ACA942600B2F972 /* Build configuration list for PBXNativeTarget "Handbook" */;
			buildPhases = (
				8408E5711ACA942600B2F972 /* Sources */,
				8408E5721ACA942600B2F972 /* Frameworks */,
				8408E5731ACA942600B2F972 /* Resources */,
			);
			buildRules = (
			);
			dependencies = (
			);
			name = Handbook;
			productName = Handbook;
			productReference = 8408E5751ACA942600B2F972 /* Handbook.app */;
			productType = "com.apple.product-type.application";
		};
		8408E5901ACA942600B2F972 /* HandbookTests */ = {
			isa = PBXNativeTarget;
			buildConfigurationList = 8408E59E1ACA942600B2F972 /* Build configuration list for PBXNativeTarget "HandbookTests" */;
			buildPhases = (
				8408E58D1ACA942600B2F972 /* Sources */,
				8408E58E1ACA942600B2F972 /* Frameworks */,
				8408E58F1ACA942600B2F972 /* Resources */,
			);
			buildRules = (
			);
			dependencies = (
				8408E5931ACA942600B2F972 /* PBXTargetDependency */,
			);
			name = HandbookTests;
			productName = HandbookTests;
			productReference = 8408E5911ACA942600B2F972 /* HandbookTests.xctest */;
			productType = "com.apple.product-type.bundle.unit-test";
		};
/* End PBXNativeTarget section */

/* Begin PBXProject section */
		8408E56D1ACA942600B2F972 /* Project object */ = {
			isa = PBXProject;
			attributes = {
				LastUpgradeCheck = 0620;
				ORGANIZATIONNAME = DyvenSvit;
				TargetAttributes = {
					8408E5741ACA942600B2F972 = {
						CreatedOnToolsVersion = 6.2;
					};
					8408E5901ACA942600B2F972 = {
						CreatedOnToolsVersion = 6.2;
						TestTargetID = 8408E5741ACA942600B2F972;
					};
				};
			};
			buildConfigurationList = 8408E5701ACA942600B2F972 /* Build configuration list for PBXProject "Handbook" */;
			compatibilityVersion = "Xcode 3.2";
			developmentRegion = English;
			hasScannedForEncodings = 0;
			knownRegions = (
				en,
				Base,
			);
			mainGroup = 8408E56C1ACA942600B2F972;
			productRefGroup = 8408E5761ACA942600B2F972 /* Products */;
			projectDirPath = "";
			projectRoot = "";
			targets = (
				8408E5741ACA942600B2F972 /* Handbook */,
				8408E5901ACA942600B2F972 /* HandbookTests */,
			);
		};
/* End PBXProject section */

/* Begin PBXResourcesBuildPhase section */
		8408E5731ACA942600B2F972 /* Resources */ = {
			isa = PBXResourcesBuildPhase;
			buildActionMask = 2147483647;
			files = (
				8408E5871ACA942600B2F972 /* Main.storyboard in Resources */,
				8408E58C1ACA942600B2F972 /* LaunchScreen.xib in Resources */,
				84B996601ACAF12900CD9DE6 /* comissions.json in Resources */,
				8408E5891ACA942600B2F972 /* Images.xcassets in Resources */,
				84B996611ACAF12900CD9DE6 /* community.json in Resources */,
			);
			runOnlyForDeploymentPostprocessing = 0;
		};
		8408E58F1ACA942600B2F972 /* Resources */ = {
			isa = PBXResourcesBuildPhase;
			buildActionMask = 2147483647;
			files = (
			);
			runOnlyForDeploymentPostprocessing = 0;
		};
/* End PBXResourcesBuildPhase section */

/* Begin PBXSourcesBuildPhase section */
		8408E5711ACA942600B2F972 /* Sources */ = {
			isa = PBXSourcesBuildPhase;
			buildActionMask = 2147483647;
			files = (
				8408E5A61ACA999800B2F972 /* HCommunityViewController.m in Sources */,
				8452BF871ACAE2A7004372CF /* HAOrganization.m in Sources */,
				84B996591ACAE71C00CD9DE6 /* HDepartment+JSON.m in Sources */,
				8408E5A31ACA997C00B2F972 /* HCommunitiesViewController.m in Sources */,
				8452BF841ACAE2A6004372CF /* HDepartment.m in Sources */,
				8452BF8D1ACAE2FB004372CF /* CoreDataUtils.m in Sources */,
				8452BF931ACAE598004372CF /* HCommunity+CD.m in Sources */,
				8408E5A81ACA99BE00B2F972 /* main.m in Sources */,
				84B996561ACAE70100CD9DE6 /* HCommunity+JSON.m in Sources */,
				84B9965C1ACAEB0100CD9DE6 /* HDataManager.m in Sources */,
				8408E5811ACA942600B2F972 /* Handbook.xcdatamodeld in Sources */,
				8408E5B11ACA99F300B2F972 /* HDepartmentsViewController.m in Sources */,
				8452BF8A1ACAE2A7004372CF /* HCommunity.m in Sources */,
				8452BF901ACAE4DE004372CF /* HDepartment+CD.m in Sources */,
				8408E5AE1ACA99EC00B2F972 /* HAppDelegate.m in Sources */,
				840B166A1ACBF2ED0002C3D0 /* NSString+Utils.m in Sources */,
				840B16711ACC121E0002C3D0 /* HCommunityCell.m in Sources */,
				840B166D1ACC12020002C3D0 /* HDepartmentCell.m in Sources */,
			);
			runOnlyForDeploymentPostprocessing = 0;
		};
		8408E58D1ACA942600B2F972 /* Sources */ = {
			isa = PBXSourcesBuildPhase;
			buildActionMask = 2147483647;
			files = (
				8408E5981ACA942600B2F972 /* HandbookTests.m in Sources */,
			);
			runOnlyForDeploymentPostprocessing = 0;
		};
/* End PBXSourcesBuildPhase section */

/* Begin PBXTargetDependency section */
		8408E5931ACA942600B2F972 /* PBXTargetDependency */ = {
			isa = PBXTargetDependency;
			target = 8408E5741ACA942600B2F972 /* Handbook */;
			targetProxy = 8408E5921ACA942600B2F972 /* PBXContainerItemProxy */;
		};
/* End PBXTargetDependency section */

/* Begin PBXVariantGroup section */
		8408E5851ACA942600B2F972 /* Main.storyboard */ = {
			isa = PBXVariantGroup;
			children = (
				8408E5861ACA942600B2F972 /* Base */,
			);
			name = Main.storyboard;
			sourceTree = "<group>";
		};
		8408E58A1ACA942600B2F972 /* LaunchScreen.xib */ = {
			isa = PBXVariantGroup;
			children = (
				8408E58B1ACA942600B2F972 /* Base */,
			);
			name = LaunchScreen.xib;
			sourceTree = "<group>";
		};
/* End PBXVariantGroup section */

/* Begin XCBuildConfiguration section */
		8408E5991ACA942600B2F972 /* Debug */ = {
			isa = XCBuildConfiguration;
			buildSettings = {
				ALWAYS_SEARCH_USER_PATHS = NO;
				CLANG_CXX_LANGUAGE_STANDARD = "gnu++0x";
				CLANG_CXX_LIBRARY = "libc++";
				CLANG_ENABLE_MODULES = YES;
				CLANG_ENABLE_OBJC_ARC = YES;
				CLANG_WARN_BOOL_CONVERSION = YES;
				CLANG_WARN_CONSTANT_CONVERSION = YES;
				CLANG_WARN_DIRECT_OBJC_ISA_USAGE = YES_ERROR;
				CLANG_WARN_EMPTY_BODY = YES;
				CLANG_WARN_ENUM_CONVERSION = YES;
				CLANG_WARN_INT_CONVERSION = YES;
				CLANG_WARN_OBJC_ROOT_CLASS = YES_ERROR;
				CLANG_WARN_UNREACHABLE_CODE = YES;
				CLANG_WARN__DUPLICATE_METHOD_MATCH = YES;
				"CODE_SIGN_IDENTITY[sdk=iphoneos*]" = "iPhone Developer";
				COPY_PHASE_STRIP = NO;
				ENABLE_STRICT_OBJC_MSGSEND = YES;
				GCC_C_LANGUAGE_STANDARD = gnu99;
				GCC_DYNAMIC_NO_PIC = NO;
				GCC_OPTIMIZATION_LEVEL = 0;
				GCC_PREPROCESSOR_DEFINITIONS = (
					"DEBUG=1",
					"$(inherited)",
				);
				GCC_SYMBOLS_PRIVATE_EXTERN = NO;
				GCC_WARN_64_TO_32_BIT_CONVERSION = YES;
				GCC_WARN_ABOUT_RETURN_TYPE = YES_ERROR;
				GCC_WARN_UNDECLARED_SELECTOR = YES;
				GCC_WARN_UNINITIALIZED_AUTOS = YES_AGGRESSIVE;
				GCC_WARN_UNUSED_FUNCTION = YES;
				GCC_WARN_UNUSED_VARIABLE = YES;
				IPHONEOS_DEPLOYMENT_TARGET = 8.2;
				MTL_ENABLE_DEBUG_INFO = YES;
				ONLY_ACTIVE_ARCH = YES;
				SDKROOT = iphoneos;
				TARGETED_DEVICE_FAMILY = "1,2";
			};
			name = Debug;
		};
		8408E59A1ACA942600B2F972 /* Release */ = {
			isa = XCBuildConfiguration;
			buildSettings = {
				ALWAYS_SEARCH_USER_PATHS = NO;
				CLANG_CXX_LANGUAGE_STANDARD = "gnu++0x";
				CLANG_CXX_LIBRARY = "libc++";
				CLANG_ENABLE_MODULES = YES;
				CLANG_ENABLE_OBJC_ARC = YES;
				CLANG_WARN_BOOL_CONVERSION = YES;
				CLANG_WARN_CONSTANT_CONVERSION = YES;
				CLANG_WARN_DIRECT_OBJC_ISA_USAGE = YES_ERROR;
				CLANG_WARN_EMPTY_BODY = YES;
				CLANG_WARN_ENUM_CONVERSION = YES;
				CLANG_WARN_INT_CONVERSION = YES;
				CLANG_WARN_OBJC_ROOT_CLASS = YES_ERROR;
				CLANG_WARN_UNREACHABLE_CODE = YES;
				CLANG_WARN__DUPLICATE_METHOD_MATCH = YES;
				"CODE_SIGN_IDENTITY[sdk=iphoneos*]" = "iPhone Developer";
				COPY_PHASE_STRIP = NO;
				ENABLE_NS_ASSERTIONS = NO;
				ENABLE_STRICT_OBJC_MSGSEND = YES;
				GCC_C_LANGUAGE_STANDARD = gnu99;
				GCC_WARN_64_TO_32_BIT_CONVERSION = YES;
				GCC_WARN_ABOUT_RETURN_TYPE = YES_ERROR;
				GCC_WARN_UNDECLARED_SELECTOR = YES;
				GCC_WARN_UNINITIALIZED_AUTOS = YES_AGGRESSIVE;
				GCC_WARN_UNUSED_FUNCTION = YES;
				GCC_WARN_UNUSED_VARIABLE = YES;
				IPHONEOS_DEPLOYMENT_TARGET = 8.2;
				MTL_ENABLE_DEBUG_INFO = NO;
				SDKROOT = iphoneos;
				TARGETED_DEVICE_FAMILY = "1,2";
				VALIDATE_PRODUCT = YES;
			};
			name = Release;
		};
		8408E59C1ACA942600B2F972 /* Debug */ = {
			isa = XCBuildConfiguration;
			buildSettings = {
				ASSETCATALOG_COMPILER_APPICON_NAME = AppIcon;
				ASSETCATALOG_COMPILER_LAUNCHIMAGE_NAME = LaunchImage;
				INFOPLIST_FILE = Handbook/Info.plist;
				IPHONEOS_DEPLOYMENT_TARGET = 7.0;
				LD_RUNPATH_SEARCH_PATHS = "$(inherited) @executable_path/Frameworks";
				PRODUCT_NAME = "$(TARGET_NAME)";
			};
			name = Debug;
		};
		8408E59D1ACA942600B2F972 /* Release */ = {
			isa = XCBuildConfiguration;
			buildSettings = {
				ASSETCATALOG_COMPILER_APPICON_NAME = AppIcon;
				ASSETCATALOG_COMPILER_LAUNCHIMAGE_NAME = LaunchImage;
				INFOPLIST_FILE = Handbook/Info.plist;
				IPHONEOS_DEPLOYMENT_TARGET = 7.0;
				LD_RUNPATH_SEARCH_PATHS = "$(inherited) @executable_path/Frameworks";
				PRODUCT_NAME = "$(TARGET_NAME)";
			};
			name = Release;
		};
		8408E59F1ACA942600B2F972 /* Debug */ = {
			isa = XCBuildConfiguration;
			buildSettings = {
				BUNDLE_LOADER = "$(TEST_HOST)";
				FRAMEWORK_SEARCH_PATHS = (
					"$(SDKROOT)/Developer/Library/Frameworks",
					"$(inherited)",
				);
				GCC_PREPROCESSOR_DEFINITIONS = (
					"DEBUG=1",
					"$(inherited)",
				);
				INFOPLIST_FILE = HandbookTests/Info.plist;
				LD_RUNPATH_SEARCH_PATHS = "$(inherited) @executable_path/Frameworks @loader_path/Frameworks";
				PRODUCT_NAME = "$(TARGET_NAME)";
				TEST_HOST = "$(BUILT_PRODUCTS_DIR)/Handbook.app/Handbook";
			};
			name = Debug;
		};
		8408E5A01ACA942600B2F972 /* Release */ = {
			isa = XCBuildConfiguration;
			buildSettings = {
				BUNDLE_LOADER = "$(TEST_HOST)";
				FRAMEWORK_SEARCH_PATHS = (
					"$(SDKROOT)/Developer/Library/Frameworks",
					"$(inherited)",
				);
				INFOPLIST_FILE = HandbookTests/Info.plist;
				LD_RUNPATH_SEARCH_PATHS = "$(inherited) @executable_path/Frameworks @loader_path/Frameworks";
				PRODUCT_NAME = "$(TARGET_NAME)";
				TEST_HOST = "$(BUILT_PRODUCTS_DIR)/Handbook.app/Handbook";
			};
			name = Release;
		};
/* End XCBuildConfiguration section */

/* Begin XCConfigurationList section */
		8408E5701ACA942600B2F972 /* Build configuration list for PBXProject "Handbook" */ = {
			isa = XCConfigurationList;
			buildConfigurations = (
				8408E5991ACA942600B2F972 /* Debug */,
				8408E59A1ACA942600B2F972 /* Release */,
			);
			defaultConfigurationIsVisible = 0;
			defaultConfigurationName = Release;
		};
		8408E59B1ACA942600B2F972 /* Build configuration list for PBXNativeTarget "Handbook" */ = {
			isa = XCConfigurationList;
			buildConfigurations = (
				8408E59C1ACA942600B2F972 /* Debug */,
				8408E59D1ACA942600B2F972 /* Release */,
			);
			defaultConfigurationIsVisible = 0;
			defaultConfigurationName = Release;
		};
		8408E59E1ACA942600B2F972 /* Build configuration list for PBXNativeTarget "HandbookTests" */ = {
			isa = XCConfigurationList;
			buildConfigurations = (
				8408E59F1ACA942600B2F972 /* Debug */,
				8408E5A01ACA942600B2F972 /* Release */,
			);
			defaultConfigurationIsVisible = 0;
			defaultConfigurationName = Release;
		};
/* End XCConfigurationList section */

/* Begin XCVersionGroup section */
		8408E57F1ACA942600B2F972 /* Handbook.xcdatamodeld */ = {
			isa = XCVersionGroup;
			children = (
				8408E5801ACA942600B2F972 /* Handbook.xcdatamodel */,
			);
			currentVersion = 8408E5801ACA942600B2F972 /* Handbook.xcdatamodel */;
			path = Handbook.xcdatamodeld;
			sourceTree = "<group>";
			versionGroupType = wrapper.xcdatamodel;
		};
/* End XCVersionGroup section */
	};
	rootObject = 8408E56D1ACA942600B2F972 /* Project object */;
}
